// !$*UTF8*$!
{
	archiveVersion = 1;
	classes = {
	};
	objectVersion = 46;
	objects = {

/* Begin PBXBuildFile section */
		57C818810C9B8058500EE787 /* Pods_favourites_movie_appUITests.framework in Frameworks */ = {isa = PBXBuildFile; fileRef = C7F64919B914E4D7E81B1BA6 /* Pods_favourites_movie_appUITests.framework */; };
		D66930B30AC142B6F76EE6C9 /* Pods_favourites_movie_app.framework in Frameworks */ = {isa = PBXBuildFile; fileRef = F2771B9B1A6E6AB52AC6F38C /* Pods_favourites_movie_app.framework */; };
		D72B3F421F44605A006F9767 /* App.swift in Sources */ = {isa = PBXBuildFile; fileRef = D72B3F411F44605A006F9767 /* App.swift */; };
		D7677DC8203EE7C70022B70E /* add_movies_to_favourites.swift in Sources */ = {isa = PBXBuildFile; fileRef = D7677DC5203EE7C60022B70E /* add_movies_to_favourites.swift */; };
		D7677DCA203EE7C70022B70E /* search_movies_feature.swift in Sources */ = {isa = PBXBuildFile; fileRef = D7677DC7203EE7C60022B70E /* search_movies_feature.swift */; };
		D77D847F1F975EC000440133 /* Feature.swift in Sources */ = {isa = PBXBuildFile; fileRef = D77D847E1F975EC000440133 /* Feature.swift */; };
		D77D84811F978A5600440133 /* no_results.json in Resources */ = {isa = PBXBuildFile; fileRef = D77D84801F978A5600440133 /* no_results.json */; };
		D7A10B741F44544A001C0C2A /* HasTableView.swift in Sources */ = {isa = PBXBuildFile; fileRef = D7A10B731F44544A001C0C2A /* HasTableView.swift */; };
		D7A10B761F4456FF001C0C2A /* HasTextField.swift in Sources */ = {isa = PBXBuildFile; fileRef = D7A10B751F4456FF001C0C2A /* HasTextField.swift */; };
		D7AAD2F620405F4100D2559C /* movieElementIdentifiersEnum.swift in Sources */ = {isa = PBXBuildFile; fileRef = D7AAD2F520405F4100D2559C /* movieElementIdentifiersEnum.swift */; };
		D7B469B11F94B74900B3B2EF /* search_movies_steps.swift in Sources */ = {isa = PBXBuildFile; fileRef = D7B469B01F94B74900B3B2EF /* search_movies_steps.swift */; };
		D7B469B51F94E97400B3B2EF /* MockData.swift in Sources */ = {isa = PBXBuildFile; fileRef = D7B469B41F94E97400B3B2EF /* MockData.swift */; };
		D7C800F21F3A15F700838E95 /* AppDelegate.swift in Sources */ = {isa = PBXBuildFile; fileRef = D7C800F11F3A15F700838E95 /* AppDelegate.swift */; };
		D7C800F41F3A15F800838E95 /* ViewController.swift in Sources */ = {isa = PBXBuildFile; fileRef = D7C800F31F3A15F800838E95 /* ViewController.swift */; };
		D7C800F71F3A15F800838E95 /* Main.storyboard in Resources */ = {isa = PBXBuildFile; fileRef = D7C800F51F3A15F800838E95 /* Main.storyboard */; };
		D7C800F91F3A15F800838E95 /* Assets.xcassets in Resources */ = {isa = PBXBuildFile; fileRef = D7C800F81F3A15F800838E95 /* Assets.xcassets */; };
		D7C800FC1F3A15F800838E95 /* LaunchScreen.storyboard in Resources */ = {isa = PBXBuildFile; fileRef = D7C800FA1F3A15F800838E95 /* LaunchScreen.storyboard */; };
		D7C801041F3B099B00838E95 /* CustomTableViewCell.swift in Sources */ = {isa = PBXBuildFile; fileRef = D7C801031F3B099B00838E95 /* CustomTableViewCell.swift */; };
		D7C801061F3B16E000838E95 /* Movie.swift in Sources */ = {isa = PBXBuildFile; fileRef = D7C801051F3B16E000838E95 /* Movie.swift */; };
		D7C801081F3B413300838E95 /* SearchViewController.swift in Sources */ = {isa = PBXBuildFile; fileRef = D7C801071F3B413300838E95 /* SearchViewController.swift */; };
		D7D1F0551F8D00560037C267 /* star_wars_search_results.json in Resources */ = {isa = PBXBuildFile; fileRef = D7D1F0541F8D00560037C267 /* star_wars_search_results.json */; };
		D7D1F0571F8D02AA0037C267 /* pirates_search_results.json in Resources */ = {isa = PBXBuildFile; fileRef = D7D1F0561F8D02AA0037C267 /* pirates_search_results.json */; };
		D7DA08941F3C6A4B004504EC /* HTTPHandler.swift in Sources */ = {isa = PBXBuildFile; fileRef = D7DA08931F3C6A4B004504EC /* HTTPHandler.swift */; };
		D7DA08961F3C6DC2004504EC /* JSONParser.swift in Sources */ = {isa = PBXBuildFile; fileRef = D7DA08951F3C6DC2004504EC /* JSONParser.swift */; };
		D7DA08981F3C6FE4004504EC /* MovieDataProcessor.swift in Sources */ = {isa = PBXBuildFile; fileRef = D7DA08971F3C6FE4004504EC /* MovieDataProcessor.swift */; };
		D7DA08A01F3DC2BE004504EC /* favourites_movie_appUITests.swift in Sources */ = {isa = PBXBuildFile; fileRef = D7DA089F1F3DC2BE004504EC /* favourites_movie_appUITests.swift */; };
		D7DA08A81F3DE680004504EC /* Home_page.swift in Sources */ = {isa = PBXBuildFile; fileRef = D7DA08A71F3DE680004504EC /* Home_page.swift */; };
		D7DA08AA1F3DF7FA004504EC /* SearchResults_page.swift in Sources */ = {isa = PBXBuildFile; fileRef = D7DA08A91F3DF7FA004504EC /* SearchResults_page.swift */; };
		D7EE37321F9E1F4C005FAE6A /* add_movies_to_favourites_steps.swift in Sources */ = {isa = PBXBuildFile; fileRef = D7EE37311F9E1F4C005FAE6A /* add_movies_to_favourites_steps.swift */; };
/* End PBXBuildFile section */

/* Begin PBXContainerItemProxy section */
		D7DA08A21F3DC2BE004504EC /* PBXContainerItemProxy */ = {
			isa = PBXContainerItemProxy;
			containerPortal = D7C800E61F3A15F700838E95 /* Project object */;
			proxyType = 1;
			remoteGlobalIDString = D7C800ED1F3A15F700838E95;
			remoteInfo = "favourites-movie-app";
		};
/* End PBXContainerItemProxy section */

/* Begin PBXFileReference section */
		8D243BF960D227AB8F11B0C0 /* Pods-favourites-movie-appUITests.release.xcconfig */ = {isa = PBXFileReference; includeInIndex = 1; lastKnownFileType = text.xcconfig; name = "Pods-favourites-movie-appUITests.release.xcconfig"; path = "Pods/Target Support Files/Pods-favourites-movie-appUITests/Pods-favourites-movie-appUITests.release.xcconfig"; sourceTree = "<group>"; };
		B1FBDC511DD198EF922A24FE /* Pods-favourites-movie-app.debug.xcconfig */ = {isa = PBXFileReference; includeInIndex = 1; lastKnownFileType = text.xcconfig; name = "Pods-favourites-movie-app.debug.xcconfig"; path = "Pods/Target Support Files/Pods-favourites-movie-app/Pods-favourites-movie-app.debug.xcconfig"; sourceTree = "<group>"; };
		C7F64919B914E4D7E81B1BA6 /* Pods_favourites_movie_appUITests.framework */ = {isa = PBXFileReference; explicitFileType = wrapper.framework; includeInIndex = 0; path = Pods_favourites_movie_appUITests.framework; sourceTree = BUILT_PRODUCTS_DIR; };
		D72B3F411F44605A006F9767 /* App.swift */ = {isa = PBXFileReference; fileEncoding = 4; lastKnownFileType = sourcecode.swift; path = App.swift; sourceTree = "<group>"; };
		D7677DC5203EE7C60022B70E /* add_movies_to_favourites.swift */ = {isa = PBXFileReference; fileEncoding = 4; lastKnownFileType = sourcecode.swift; name = add_movies_to_favourites.swift; path = Features/add_movies_to_favourites.swift; sourceTree = "<group>"; };
		D7677DC7203EE7C60022B70E /* search_movies_feature.swift */ = {isa = PBXFileReference; fileEncoding = 4; lastKnownFileType = sourcecode.swift; name = search_movies_feature.swift; path = Features/search_movies_feature.swift; sourceTree = "<group>"; };
		D77D847E1F975EC000440133 /* Feature.swift */ = {isa = PBXFileReference; lastKnownFileType = sourcecode.swift; path = Feature.swift; sourceTree = "<group>"; };
		D77D84801F978A5600440133 /* no_results.json */ = {isa = PBXFileReference; lastKnownFileType = text.json; path = no_results.json; sourceTree = "<group>"; };
		D7A10B731F44544A001C0C2A /* HasTableView.swift */ = {isa = PBXFileReference; fileEncoding = 4; lastKnownFileType = sourcecode.swift; path = HasTableView.swift; sourceTree = "<group>"; };
		D7A10B751F4456FF001C0C2A /* HasTextField.swift */ = {isa = PBXFileReference; fileEncoding = 4; lastKnownFileType = sourcecode.swift; path = HasTextField.swift; sourceTree = "<group>"; };
		D7AAD2F520405F4100D2559C /* movieElementIdentifiersEnum.swift */ = {isa = PBXFileReference; lastKnownFileType = sourcecode.swift; path = movieElementIdentifiersEnum.swift; sourceTree = "<group>"; };
		D7B469B01F94B74900B3B2EF /* search_movies_steps.swift */ = {isa = PBXFileReference; lastKnownFileType = sourcecode.swift; path = search_movies_steps.swift; sourceTree = "<group>"; };
		D7B469B41F94E97400B3B2EF /* MockData.swift */ = {isa = PBXFileReference; lastKnownFileType = sourcecode.swift; path = MockData.swift; sourceTree = "<group>"; };
		D7C800EE1F3A15F700838E95 /* favourites-movie-app.app */ = {isa = PBXFileReference; explicitFileType = wrapper.application; includeInIndex = 0; path = "favourites-movie-app.app"; sourceTree = BUILT_PRODUCTS_DIR; };
		D7C800F11F3A15F700838E95 /* AppDelegate.swift */ = {isa = PBXFileReference; lastKnownFileType = sourcecode.swift; path = AppDelegate.swift; sourceTree = "<group>"; };
		D7C800F31F3A15F800838E95 /* ViewController.swift */ = {isa = PBXFileReference; lastKnownFileType = sourcecode.swift; path = ViewController.swift; sourceTree = "<group>"; };
		D7C800F61F3A15F800838E95 /* Base */ = {isa = PBXFileReference; lastKnownFileType = file.storyboard; name = Base; path = Base.lproj/Main.storyboard; sourceTree = "<group>"; };
		D7C800F81F3A15F800838E95 /* Assets.xcassets */ = {isa = PBXFileReference; lastKnownFileType = folder.assetcatalog; path = Assets.xcassets; sourceTree = "<group>"; };
		D7C800FB1F3A15F800838E95 /* Base */ = {isa = PBXFileReference; lastKnownFileType = file.storyboard; name = Base; path = Base.lproj/LaunchScreen.storyboard; sourceTree = "<group>"; };
		D7C800FD1F3A15F800838E95 /* Info.plist */ = {isa = PBXFileReference; lastKnownFileType = text.plist.xml; path = Info.plist; sourceTree = "<group>"; };
		D7C801031F3B099B00838E95 /* CustomTableViewCell.swift */ = {isa = PBXFileReference; fileEncoding = 4; lastKnownFileType = sourcecode.swift; name = CustomTableViewCell.swift; path = "favourites-movie-app/CustomTableViewCell.swift"; sourceTree = "<group>"; };
		D7C801051F3B16E000838E95 /* Movie.swift */ = {isa = PBXFileReference; fileEncoding = 4; lastKnownFileType = sourcecode.swift; path = Movie.swift; sourceTree = "<group>"; };
		D7C801071F3B413300838E95 /* SearchViewController.swift */ = {isa = PBXFileReference; fileEncoding = 4; lastKnownFileType = sourcecode.swift; path = SearchViewController.swift; sourceTree = "<group>"; };
		D7D1F0541F8D00560037C267 /* star_wars_search_results.json */ = {isa = PBXFileReference; fileEncoding = 4; lastKnownFileType = text.json; path = star_wars_search_results.json; sourceTree = "<group>"; };
		D7D1F0561F8D02AA0037C267 /* pirates_search_results.json */ = {isa = PBXFileReference; fileEncoding = 4; lastKnownFileType = text.json; path = pirates_search_results.json; sourceTree = "<group>"; };
		D7DA08931F3C6A4B004504EC /* HTTPHandler.swift */ = {isa = PBXFileReference; fileEncoding = 4; lastKnownFileType = sourcecode.swift; path = HTTPHandler.swift; sourceTree = "<group>"; };
		D7DA08951F3C6DC2004504EC /* JSONParser.swift */ = {isa = PBXFileReference; fileEncoding = 4; lastKnownFileType = sourcecode.swift; path = JSONParser.swift; sourceTree = "<group>"; };
		D7DA08971F3C6FE4004504EC /* MovieDataProcessor.swift */ = {isa = PBXFileReference; fileEncoding = 4; lastKnownFileType = sourcecode.swift; path = MovieDataProcessor.swift; sourceTree = "<group>"; };
		D7DA089D1F3DC2BD004504EC /* favourites-movie-appUITests.xctest */ = {isa = PBXFileReference; explicitFileType = wrapper.cfbundle; includeInIndex = 0; path = "favourites-movie-appUITests.xctest"; sourceTree = BUILT_PRODUCTS_DIR; };
		D7DA089F1F3DC2BE004504EC /* favourites_movie_appUITests.swift */ = {isa = PBXFileReference; lastKnownFileType = sourcecode.swift; path = favourites_movie_appUITests.swift; sourceTree = "<group>"; };
		D7DA08A11F3DC2BE004504EC /* Info.plist */ = {isa = PBXFileReference; lastKnownFileType = text.plist.xml; path = Info.plist; sourceTree = "<group>"; };
		D7DA08A71F3DE680004504EC /* Home_page.swift */ = {isa = PBXFileReference; fileEncoding = 4; lastKnownFileType = sourcecode.swift; path = Home_page.swift; sourceTree = "<group>"; };
		D7DA08A91F3DF7FA004504EC /* SearchResults_page.swift */ = {isa = PBXFileReference; fileEncoding = 4; lastKnownFileType = sourcecode.swift; path = SearchResults_page.swift; sourceTree = "<group>"; };
		D7EE37311F9E1F4C005FAE6A /* add_movies_to_favourites_steps.swift */ = {isa = PBXFileReference; lastKnownFileType = sourcecode.swift; path = add_movies_to_favourites_steps.swift; sourceTree = "<group>"; };
		EE8E8EEB8C393306800A8ECF /* Pods-favourites-movie-app.release.xcconfig */ = {isa = PBXFileReference; includeInIndex = 1; lastKnownFileType = text.xcconfig; name = "Pods-favourites-movie-app.release.xcconfig"; path = "Pods/Target Support Files/Pods-favourites-movie-app/Pods-favourites-movie-app.release.xcconfig"; sourceTree = "<group>"; };
		F0E6290A98D4CECF940C6C84 /* Pods-favourites-movie-appUITests.debug.xcconfig */ = {isa = PBXFileReference; includeInIndex = 1; lastKnownFileType = text.xcconfig; name = "Pods-favourites-movie-appUITests.debug.xcconfig"; path = "Pods/Target Support Files/Pods-favourites-movie-appUITests/Pods-favourites-movie-appUITests.debug.xcconfig"; sourceTree = "<group>"; };
		F2771B9B1A6E6AB52AC6F38C /* Pods_favourites_movie_app.framework */ = {isa = PBXFileReference; explicitFileType = wrapper.framework; includeInIndex = 0; path = Pods_favourites_movie_app.framework; sourceTree = BUILT_PRODUCTS_DIR; };
/* End PBXFileReference section */

/* Begin PBXFrameworksBuildPhase section */
		D7C800EB1F3A15F700838E95 /* Frameworks */ = {
			isa = PBXFrameworksBuildPhase;
			buildActionMask = 2147483647;
			files = (
				D66930B30AC142B6F76EE6C9 /* Pods_favourites_movie_app.framework in Frameworks */,
			);
			runOnlyForDeploymentPostprocessing = 0;
		};
		D7DA089A1F3DC2BD004504EC /* Frameworks */ = {
			isa = PBXFrameworksBuildPhase;
			buildActionMask = 2147483647;
			files = (
				57C818810C9B8058500EE787 /* Pods_favourites_movie_appUITests.framework in Frameworks */,
			);
			runOnlyForDeploymentPostprocessing = 0;
		};
/* End PBXFrameworksBuildPhase section */

/* Begin PBXGroup section */
		5341FEC05A5583C11C1F9724 /* Pods */ = {
			isa = PBXGroup;
			children = (
				B1FBDC511DD198EF922A24FE /* Pods-favourites-movie-app.debug.xcconfig */,
				EE8E8EEB8C393306800A8ECF /* Pods-favourites-movie-app.release.xcconfig */,
				F0E6290A98D4CECF940C6C84 /* Pods-favourites-movie-appUITests.debug.xcconfig */,
				8D243BF960D227AB8F11B0C0 /* Pods-favourites-movie-appUITests.release.xcconfig */,
			);
			name = Pods;
			sourceTree = "<group>";
		};
		ABC405C83DD2E63F2C6270AA /* Frameworks */ = {
			isa = PBXGroup;
			children = (
				F2771B9B1A6E6AB52AC6F38C /* Pods_favourites_movie_app.framework */,
				C7F64919B914E4D7E81B1BA6 /* Pods_favourites_movie_appUITests.framework */,
			);
			name = Frameworks;
			sourceTree = "<group>";
		};
		D7677DCB203EE7D50022B70E /* Features */ = {
			isa = PBXGroup;
			children = (
				D7677DC7203EE7C60022B70E /* search_movies_feature.swift */,
				D7677DC5203EE7C60022B70E /* add_movies_to_favourites.swift */,
			);
			name = Features;
			sourceTree = "<group>";
		};
		D7A10B721F44542C001C0C2A /* Protocols */ = {
			isa = PBXGroup;
			children = (
				D7A10B731F44544A001C0C2A /* HasTableView.swift */,
				D7A10B751F4456FF001C0C2A /* HasTextField.swift */,
				D72B3F411F44605A006F9767 /* App.swift */,
			);
			name = Protocols;
			sourceTree = "<group>";
		};
		D7AAD2F420405EF900D2559C /* SharedElements */ = {
			isa = PBXGroup;
			children = (
				D7AAD2F520405F4100D2559C /* movieElementIdentifiersEnum.swift */,
			);
			name = SharedElements;
			sourceTree = "<group>";
		};
		D7B469AE1F94B4C800B3B2EF /* Pages */ = {
			isa = PBXGroup;
			children = (
				D7DA08A71F3DE680004504EC /* Home_page.swift */,
				D7DA08A91F3DF7FA004504EC /* SearchResults_page.swift */,
			);
			name = Pages;
			sourceTree = "<group>";
		};
		D7B469AF1F94B4DD00B3B2EF /* Steps */ = {
			isa = PBXGroup;
			children = (
				D7B469B01F94B74900B3B2EF /* search_movies_steps.swift */,
				D7EE37311F9E1F4C005FAE6A /* add_movies_to_favourites_steps.swift */,
			);
			name = Steps;
			sourceTree = "<group>";
		};
		D7C800E51F3A15F700838E95 = {
			isa = PBXGroup;
			children = (
				D7C801031F3B099B00838E95 /* CustomTableViewCell.swift */,
				D7C800F01F3A15F700838E95 /* favourites-movie-app */,
				D7DA089E1F3DC2BE004504EC /* favourites-movie-appUITests */,
				D7C800EF1F3A15F700838E95 /* Products */,
				5341FEC05A5583C11C1F9724 /* Pods */,
				ABC405C83DD2E63F2C6270AA /* Frameworks */,
			);
			sourceTree = "<group>";
		};
		D7C800EF1F3A15F700838E95 /* Products */ = {
			isa = PBXGroup;
			children = (
				D7C800EE1F3A15F700838E95 /* favourites-movie-app.app */,
				D7DA089D1F3DC2BD004504EC /* favourites-movie-appUITests.xctest */,
			);
			name = Products;
			sourceTree = "<group>";
		};
		D7C800F01F3A15F700838E95 /* favourites-movie-app */ = {
			isa = PBXGroup;
			children = (
				D7C800F11F3A15F700838E95 /* AppDelegate.swift */,
				D7C800F31F3A15F800838E95 /* ViewController.swift */,
				D7C800F51F3A15F800838E95 /* Main.storyboard */,
				D7C800F81F3A15F800838E95 /* Assets.xcassets */,
				D7C800FA1F3A15F800838E95 /* LaunchScreen.storyboard */,
				D7C800FD1F3A15F800838E95 /* Info.plist */,
				D7C801051F3B16E000838E95 /* Movie.swift */,
				D7C801071F3B413300838E95 /* SearchViewController.swift */,
				D7DA08931F3C6A4B004504EC /* HTTPHandler.swift */,
				D7DA08951F3C6DC2004504EC /* JSONParser.swift */,
				D7DA08971F3C6FE4004504EC /* MovieDataProcessor.swift */,
			);
			path = "favourites-movie-app";
			sourceTree = "<group>";
		};
		D7D1F0531F8CFFBC0037C267 /* JSON_stubs */ = {
			isa = PBXGroup;
			children = (
				D7D1F0541F8D00560037C267 /* star_wars_search_results.json */,
				D7D1F0561F8D02AA0037C267 /* pirates_search_results.json */,
				D77D84801F978A5600440133 /* no_results.json */,
			);
			name = JSON_stubs;
			sourceTree = "<group>";
		};
		D7DA089E1F3DC2BE004504EC /* favourites-movie-appUITests */ = {
			isa = PBXGroup;
			children = (
				D7677DCB203EE7D50022B70E /* Features */,
				D7B469AF1F94B4DD00B3B2EF /* Steps */,
				D7B469AE1F94B4C800B3B2EF /* Pages */,
				D7AAD2F420405EF900D2559C /* SharedElements */,
				D7D1F0531F8CFFBC0037C267 /* JSON_stubs */,
				D7A10B721F44542C001C0C2A /* Protocols */,
				D7DA089F1F3DC2BE004504EC /* favourites_movie_appUITests.swift */,
				D7DA08A11F3DC2BE004504EC /* Info.plist */,
				D7B469B41F94E97400B3B2EF /* MockData.swift */,
				D77D847E1F975EC000440133 /* Feature.swift */,
			);
			path = "favourites-movie-appUITests";
			sourceTree = "<group>";
		};
/* End PBXGroup section */

/* Begin PBXNativeTarget section */
		D7C800ED1F3A15F700838E95 /* favourites-movie-app */ = {
			isa = PBXNativeTarget;
			buildConfigurationList = D7C801001F3A15F800838E95 /* Build configuration list for PBXNativeTarget "favourites-movie-app" */;
			buildPhases = (
				28234A4F7910CE3A9215E83B /* [CP] Check Pods Manifest.lock */,
				D7C800EA1F3A15F700838E95 /* Sources */,
				D7C800EB1F3A15F700838E95 /* Frameworks */,
				D7C800EC1F3A15F700838E95 /* Resources */,
				604F5B76F397107473B5FC63 /* [CP] Embed Pods Frameworks */,
				7A4A271C66AD6FF1B72D564C /* [CP] Copy Pods Resources */,
			);
			buildRules = (
			);
			dependencies = (
			);
			name = "favourites-movie-app";
			productName = "favourites-movie-app";
			productReference = D7C800EE1F3A15F700838E95 /* favourites-movie-app.app */;
			productType = "com.apple.product-type.application";
		};
		D7DA089C1F3DC2BD004504EC /* favourites-movie-appUITests */ = {
			isa = PBXNativeTarget;
			buildConfigurationList = D7DA08A41F3DC2BE004504EC /* Build configuration list for PBXNativeTarget "favourites-movie-appUITests" */;
			buildPhases = (
				0401E5055D4662F074E1CA62 /* [CP] Check Pods Manifest.lock */,
				D7DA08991F3DC2BD004504EC /* Sources */,
				D7DA089A1F3DC2BD004504EC /* Frameworks */,
				D7DA089B1F3DC2BD004504EC /* Resources */,
				B3327E29CD5596AED1FDF3F2 /* [CP] Embed Pods Frameworks */,
				5B7701DF50F975E23FF1B67C /* [CP] Copy Pods Resources */,
			);
			buildRules = (
			);
			dependencies = (
				D7DA08A31F3DC2BE004504EC /* PBXTargetDependency */,
			);
			name = "favourites-movie-appUITests";
			productName = "favourites-movie-appUITests";
			productReference = D7DA089D1F3DC2BD004504EC /* favourites-movie-appUITests.xctest */;
			productType = "com.apple.product-type.bundle.ui-testing";
		};
/* End PBXNativeTarget section */

/* Begin PBXProject section */
		D7C800E61F3A15F700838E95 /* Project object */ = {
			isa = PBXProject;
			attributes = {
				LastSwiftUpdateCheck = 0830;
				LastUpgradeCheck = 0830;
				ORGANIZATIONNAME = "Goncalves Pereira, Tiago";
				TargetAttributes = {
					D7C800ED1F3A15F700838E95 = {
						CreatedOnToolsVersion = 8.3.3;
						ProvisioningStyle = Automatic;
					};
					D7DA089C1F3DC2BD004504EC = {
						CreatedOnToolsVersion = 8.3.3;
						ProvisioningStyle = Automatic;
						TestTargetID = D7C800ED1F3A15F700838E95;
					};
				};
			};
			buildConfigurationList = D7C800E91F3A15F700838E95 /* Build configuration list for PBXProject "favourites-movie-app" */;
			compatibilityVersion = "Xcode 3.2";
			developmentRegion = English;
			hasScannedForEncodings = 0;
			knownRegions = (
				en,
				Base,
			);
			mainGroup = D7C800E51F3A15F700838E95;
			productRefGroup = D7C800EF1F3A15F700838E95 /* Products */;
			projectDirPath = "";
			projectRoot = "";
			targets = (
				D7C800ED1F3A15F700838E95 /* favourites-movie-app */,
				D7DA089C1F3DC2BD004504EC /* favourites-movie-appUITests */,
			);
		};
/* End PBXProject section */

/* Begin PBXResourcesBuildPhase section */
		D7C800EC1F3A15F700838E95 /* Resources */ = {
			isa = PBXResourcesBuildPhase;
			buildActionMask = 2147483647;
			files = (
				D7C800FC1F3A15F800838E95 /* LaunchScreen.storyboard in Resources */,
				D7C800F91F3A15F800838E95 /* Assets.xcassets in Resources */,
				D7C800F71F3A15F800838E95 /* Main.storyboard in Resources */,
			);
			runOnlyForDeploymentPostprocessing = 0;
		};
		D7DA089B1F3DC2BD004504EC /* Resources */ = {
			isa = PBXResourcesBuildPhase;
			buildActionMask = 2147483647;
			files = (
				D7D1F0551F8D00560037C267 /* star_wars_search_results.json in Resources */,
				D7D1F0571F8D02AA0037C267 /* pirates_search_results.json in Resources */,
				D77D84811F978A5600440133 /* no_results.json in Resources */,
			);
			runOnlyForDeploymentPostprocessing = 0;
		};
/* End PBXResourcesBuildPhase section */

/* Begin PBXShellScriptBuildPhase section */
		0401E5055D4662F074E1CA62 /* [CP] Check Pods Manifest.lock */ = {
			isa = PBXShellScriptBuildPhase;
			buildActionMask = 2147483647;
			files = (
			);
			inputPaths = (
				"${PODS_PODFILE_DIR_PATH}/Podfile.lock",
				"${PODS_ROOT}/Manifest.lock",
			);
			name = "[CP] Check Pods Manifest.lock";
			outputPaths = (
				"$(DERIVED_FILE_DIR)/Pods-favourites-movie-appUITests-checkManifestLockResult.txt",
			);
			runOnlyForDeploymentPostprocessing = 0;
			shellPath = /bin/sh;
			shellScript = "diff \"${PODS_PODFILE_DIR_PATH}/Podfile.lock\" \"${PODS_ROOT}/Manifest.lock\" > /dev/null\nif [ $? != 0 ] ; then\n    # print error to STDERR\n    echo \"error: The sandbox is not in sync with the Podfile.lock. Run 'pod install' or update your CocoaPods installation.\" >&2\n    exit 1\nfi\n# This output is used by Xcode 'outputs' to avoid re-running this script phase.\necho \"SUCCESS\" > \"${SCRIPT_OUTPUT_FILE_0}\"\n";
			showEnvVarsInLog = 0;
		};
		28234A4F7910CE3A9215E83B /* [CP] Check Pods Manifest.lock */ = {
			isa = PBXShellScriptBuildPhase;
			buildActionMask = 2147483647;
			files = (
			);
			inputPaths = (
				"${PODS_PODFILE_DIR_PATH}/Podfile.lock",
				"${PODS_ROOT}/Manifest.lock",
			);
			name = "[CP] Check Pods Manifest.lock";
			outputPaths = (
				"$(DERIVED_FILE_DIR)/Pods-favourites-movie-app-checkManifestLockResult.txt",
			);
			runOnlyForDeploymentPostprocessing = 0;
			shellPath = /bin/sh;
			shellScript = "diff \"${PODS_PODFILE_DIR_PATH}/Podfile.lock\" \"${PODS_ROOT}/Manifest.lock\" > /dev/null\nif [ $? != 0 ] ; then\n    # print error to STDERR\n    echo \"error: The sandbox is not in sync with the Podfile.lock. Run 'pod install' or update your CocoaPods installation.\" >&2\n    exit 1\nfi\n# This output is used by Xcode 'outputs' to avoid re-running this script phase.\necho \"SUCCESS\" > \"${SCRIPT_OUTPUT_FILE_0}\"\n";
			showEnvVarsInLog = 0;
		};
		5B7701DF50F975E23FF1B67C /* [CP] Copy Pods Resources */ = {
			isa = PBXShellScriptBuildPhase;
			buildActionMask = 2147483647;
			files = (
			);
			inputPaths = (
			);
			name = "[CP] Copy Pods Resources";
			outputPaths = (
			);
			runOnlyForDeploymentPostprocessing = 0;
			shellPath = /bin/sh;
			shellScript = "\"${SRCROOT}/Pods/Target Support Files/Pods-favourites-movie-appUITests/Pods-favourites-movie-appUITests-resources.sh\"\n";
			showEnvVarsInLog = 0;
		};
		604F5B76F397107473B5FC63 /* [CP] Embed Pods Frameworks */ = {
			isa = PBXShellScriptBuildPhase;
			buildActionMask = 2147483647;
			files = (
			);
			inputPaths = (
				"${SRCROOT}/Pods/Target Support Files/Pods-favourites-movie-app/Pods-favourites-movie-app-frameworks.sh",
				"${BUILT_PRODUCTS_DIR}/GCDWebServer/GCDWebServer.framework",
				"${BUILT_PRODUCTS_DIR}/SBTUITestTunnel-Server/SBTUITestTunnel.framework",
			);
			name = "[CP] Embed Pods Frameworks";
			outputPaths = (
				"${TARGET_BUILD_DIR}/${FRAMEWORKS_FOLDER_PATH}/GCDWebServer.framework",
				"${TARGET_BUILD_DIR}/${FRAMEWORKS_FOLDER_PATH}/SBTUITestTunnel.framework",
			);
			runOnlyForDeploymentPostprocessing = 0;
			shellPath = /bin/sh;
			shellScript = "\"${SRCROOT}/Pods/Target Support Files/Pods-favourites-movie-app/Pods-favourites-movie-app-frameworks.sh\"\n";
			showEnvVarsInLog = 0;
		};
		7A4A271C66AD6FF1B72D564C /* [CP] Copy Pods Resources */ = {
			isa = PBXShellScriptBuildPhase;
			buildActionMask = 2147483647;
			files = (
			);
			inputPaths = (
			);
			name = "[CP] Copy Pods Resources";
			outputPaths = (
			);
			runOnlyForDeploymentPostprocessing = 0;
			shellPath = /bin/sh;
			shellScript = "\"${SRCROOT}/Pods/Target Support Files/Pods-favourites-movie-app/Pods-favourites-movie-app-resources.sh\"\n";
			showEnvVarsInLog = 0;
		};
		B3327E29CD5596AED1FDF3F2 /* [CP] Embed Pods Frameworks */ = {
			isa = PBXShellScriptBuildPhase;
			buildActionMask = 2147483647;
			files = (
			);
			inputPaths = (
				"${SRCROOT}/Pods/Target Support Files/Pods-favourites-movie-appUITests/Pods-favourites-movie-appUITests-frameworks.sh",
				"${BUILT_PRODUCTS_DIR}/SBTUITestTunnel-Client/SBTUITestTunnel.framework",
				"${BUILT_PRODUCTS_DIR}/XCTest-Gherkin/XCTest_Gherkin.framework",
			);
			name = "[CP] Embed Pods Frameworks";
			outputPaths = (
				"${TARGET_BUILD_DIR}/${FRAMEWORKS_FOLDER_PATH}/SBTUITestTunnel.framework",
				"${TARGET_BUILD_DIR}/${FRAMEWORKS_FOLDER_PATH}/XCTest_Gherkin.framework",
			);
			runOnlyForDeploymentPostprocessing = 0;
			shellPath = /bin/sh;
			shellScript = "\"${SRCROOT}/Pods/Target Support Files/Pods-favourites-movie-appUITests/Pods-favourites-movie-appUITests-frameworks.sh\"\n";
			showEnvVarsInLog = 0;
		};
/* End PBXShellScriptBuildPhase section */

/* Begin PBXSourcesBuildPhase section */
		D7C800EA1F3A15F700838E95 /* Sources */ = {
			isa = PBXSourcesBuildPhase;
			buildActionMask = 2147483647;
			files = (
				D7C801081F3B413300838E95 /* SearchViewController.swift in Sources */,
				D7C801041F3B099B00838E95 /* CustomTableViewCell.swift in Sources */,
				D7DA08961F3C6DC2004504EC /* JSONParser.swift in Sources */,
				D7C800F41F3A15F800838E95 /* ViewController.swift in Sources */,
				D7C801061F3B16E000838E95 /* Movie.swift in Sources */,
				D7DA08981F3C6FE4004504EC /* MovieDataProcessor.swift in Sources */,
				D7DA08941F3C6A4B004504EC /* HTTPHandler.swift in Sources */,
				D7C800F21F3A15F700838E95 /* AppDelegate.swift in Sources */,
			);
			runOnlyForDeploymentPostprocessing = 0;
		};
		D7DA08991F3DC2BD004504EC /* Sources */ = {
			isa = PBXSourcesBuildPhase;
			buildActionMask = 2147483647;
			files = (
				D7DA08A01F3DC2BE004504EC /* favourites_movie_appUITests.swift in Sources */,
				D7677DCA203EE7C70022B70E /* search_movies_feature.swift in Sources */,
				D77D847F1F975EC000440133 /* Feature.swift in Sources */,
				D7B469B51F94E97400B3B2EF /* MockData.swift in Sources */,
				D7B469B11F94B74900B3B2EF /* search_movies_steps.swift in Sources */,
				D7A10B761F4456FF001C0C2A /* HasTextField.swift in Sources */,
				D7A10B741F44544A001C0C2A /* HasTableView.swift in Sources */,
				D72B3F421F44605A006F9767 /* App.swift in Sources */,
				D7DA08AA1F3DF7FA004504EC /* SearchResults_page.swift in Sources */,
				D7EE37321F9E1F4C005FAE6A /* add_movies_to_favourites_steps.swift in Sources */,
				D7DA08A81F3DE680004504EC /* Home_page.swift in Sources */,
				D7677DC8203EE7C70022B70E /* add_movies_to_favourites.swift in Sources */,
				D7AAD2F620405F4100D2559C /* movieElementIdentifiersEnum.swift in Sources */,
			);
			runOnlyForDeploymentPostprocessing = 0;
		};
/* End PBXSourcesBuildPhase section */

/* Begin PBXTargetDependency section */
		D7DA08A31F3DC2BE004504EC /* PBXTargetDependency */ = {
			isa = PBXTargetDependency;
			target = D7C800ED1F3A15F700838E95 /* favourites-movie-app */;
			targetProxy = D7DA08A21F3DC2BE004504EC /* PBXContainerItemProxy */;
		};
/* End PBXTargetDependency section */

/* Begin PBXVariantGroup section */
		D7C800F51F3A15F800838E95 /* Main.storyboard */ = {
			isa = PBXVariantGroup;
			children = (
				D7C800F61F3A15F800838E95 /* Base */,
			);
			name = Main.storyboard;
			sourceTree = "<group>";
		};
		D7C800FA1F3A15F800838E95 /* LaunchScreen.storyboard */ = {
			isa = PBXVariantGroup;
			children = (
				D7C800FB1F3A15F800838E95 /* Base */,
			);
			name = LaunchScreen.storyboard;
			sourceTree = "<group>";
		};
/* End PBXVariantGroup section */

/* Begin XCBuildConfiguration section */
		D7C800FE1F3A15F800838E95 /* Debug */ = {
			isa = XCBuildConfiguration;
			buildSettings = {
				ALWAYS_SEARCH_USER_PATHS = NO;
				CLANG_ANALYZER_NONNULL = YES;
				CLANG_ANALYZER_NUMBER_OBJECT_CONVERSION = YES_AGGRESSIVE;
				CLANG_CXX_LANGUAGE_STANDARD = "gnu++0x";
				CLANG_CXX_LIBRARY = "libc++";
				CLANG_ENABLE_MODULES = YES;
				CLANG_ENABLE_OBJC_ARC = YES;
				CLANG_WARN_BOOL_CONVERSION = YES;
				CLANG_WARN_CONSTANT_CONVERSION = YES;
				CLANG_WARN_DIRECT_OBJC_ISA_USAGE = YES_ERROR;
				CLANG_WARN_DOCUMENTATION_COMMENTS = YES;
				CLANG_WARN_EMPTY_BODY = YES;
				CLANG_WARN_ENUM_CONVERSION = YES;
				CLANG_WARN_INFINITE_RECURSION = YES;
				CLANG_WARN_INT_CONVERSION = YES;
				CLANG_WARN_OBJC_ROOT_CLASS = YES_ERROR;
				CLANG_WARN_SUSPICIOUS_MOVE = YES;
				CLANG_WARN_UNREACHABLE_CODE = YES;
				CLANG_WARN__DUPLICATE_METHOD_MATCH = YES;
				"CODE_SIGN_IDENTITY[sdk=iphoneos*]" = "iPhone Developer";
				COPY_PHASE_STRIP = NO;
				DEBUG_INFORMATION_FORMAT = dwarf;
				ENABLE_STRICT_OBJC_MSGSEND = YES;
				ENABLE_TESTABILITY = YES;
				FRAMEWORK_SEARCH_PATHS = "$(SRCROOT)/Pods/**";
				GCC_C_LANGUAGE_STANDARD = gnu99;
				GCC_DYNAMIC_NO_PIC = NO;
				GCC_NO_COMMON_BLOCKS = YES;
				GCC_OPTIMIZATION_LEVEL = 0;
				GCC_PREPROCESSOR_DEFINITIONS = (
					"DEBUG=1",
					"$(inherited)",
				);
				GCC_WARN_64_TO_32_BIT_CONVERSION = YES;
				GCC_WARN_ABOUT_RETURN_TYPE = YES_ERROR;
				GCC_WARN_UNDECLARED_SELECTOR = YES;
				GCC_WARN_UNINITIALIZED_AUTOS = YES_AGGRESSIVE;
				GCC_WARN_UNUSED_FUNCTION = YES;
				GCC_WARN_UNUSED_VARIABLE = YES;
				IPHONEOS_DEPLOYMENT_TARGET = 10.3;
				MTL_ENABLE_DEBUG_INFO = YES;
				ONLY_ACTIVE_ARCH = YES;
				SDKROOT = iphoneos;
				SWIFT_ACTIVE_COMPILATION_CONDITIONS = DEBUG;
				SWIFT_OPTIMIZATION_LEVEL = "-Onone";
				TARGETED_DEVICE_FAMILY = "1,2";
			};
			name = Debug;
		};
		D7C800FF1F3A15F800838E95 /* Release */ = {
			isa = XCBuildConfiguration;
			buildSettings = {
				ALWAYS_SEARCH_USER_PATHS = NO;
				CLANG_ANALYZER_NONNULL = YES;
				CLANG_ANALYZER_NUMBER_OBJECT_CONVERSION = YES_AGGRESSIVE;
				CLANG_CXX_LANGUAGE_STANDARD = "gnu++0x";
				CLANG_CXX_LIBRARY = "libc++";
				CLANG_ENABLE_MODULES = YES;
				CLANG_ENABLE_OBJC_ARC = YES;
				CLANG_WARN_BOOL_CONVERSION = YES;
				CLANG_WARN_CONSTANT_CONVERSION = YES;
				CLANG_WARN_DIRECT_OBJC_ISA_USAGE = YES_ERROR;
				CLANG_WARN_DOCUMENTATION_COMMENTS = YES;
				CLANG_WARN_EMPTY_BODY = YES;
				CLANG_WARN_ENUM_CONVERSION = YES;
				CLANG_WARN_INFINITE_RECURSION = YES;
				CLANG_WARN_INT_CONVERSION = YES;
				CLANG_WARN_OBJC_ROOT_CLASS = YES_ERROR;
				CLANG_WARN_SUSPICIOUS_MOVE = YES;
				CLANG_WARN_UNREACHABLE_CODE = YES;
				CLANG_WARN__DUPLICATE_METHOD_MATCH = YES;
				"CODE_SIGN_IDENTITY[sdk=iphoneos*]" = "iPhone Developer";
				COPY_PHASE_STRIP = NO;
				DEBUG_INFORMATION_FORMAT = "dwarf-with-dsym";
				ENABLE_NS_ASSERTIONS = NO;
				ENABLE_STRICT_OBJC_MSGSEND = YES;
				FRAMEWORK_SEARCH_PATHS = "$(SRCROOT)/Pods/**";
				GCC_C_LANGUAGE_STANDARD = gnu99;
				GCC_NO_COMMON_BLOCKS = YES;
				GCC_WARN_64_TO_32_BIT_CONVERSION = YES;
				GCC_WARN_ABOUT_RETURN_TYPE = YES_ERROR;
				GCC_WARN_UNDECLARED_SELECTOR = YES;
				GCC_WARN_UNINITIALIZED_AUTOS = YES_AGGRESSIVE;
				GCC_WARN_UNUSED_FUNCTION = YES;
				GCC_WARN_UNUSED_VARIABLE = YES;
				IPHONEOS_DEPLOYMENT_TARGET = 10.3;
				MTL_ENABLE_DEBUG_INFO = NO;
				SDKROOT = iphoneos;
				SWIFT_OPTIMIZATION_LEVEL = "-Owholemodule";
				TARGETED_DEVICE_FAMILY = "1,2";
				VALIDATE_PRODUCT = YES;
			};
			name = Release;
		};
		D7C801011F3A15F800838E95 /* Debug */ = {
			isa = XCBuildConfiguration;
			baseConfigurationReference = B1FBDC511DD198EF922A24FE /* Pods-favourites-movie-app.debug.xcconfig */;
			buildSettings = {
				ASSETCATALOG_COMPILER_APPICON_NAME = AppIcon;
				FRAMEWORK_SEARCH_PATHS = (
					"$(inherited)",
					"\"$PODS_CONFIGURATION_BUILD_DIR/GCDWebServer\"",
					"\"$PODS_CONFIGURATION_BUILD_DIR/SBTUITestTunnel-Server\"",
				);
				HEADER_SEARCH_PATHS = "";
				INFOPLIST_FILE = "favourites-movie-app/Info.plist";
				LD_RUNPATH_SEARCH_PATHS = "$(inherited) @executable_path/Frameworks";
				PRODUCT_BUNDLE_IDENTIFIER = "com.favourites-movie-app";
				PRODUCT_NAME = "$(TARGET_NAME)";
				SWIFT_VERSION = 4.0;
			};
			name = Debug;
		};
		D7C801021F3A15F800838E95 /* Release */ = {
			isa = XCBuildConfiguration;
			baseConfigurationReference = EE8E8EEB8C393306800A8ECF /* Pods-favourites-movie-app.release.xcconfig */;
			buildSettings = {
				ASSETCATALOG_COMPILER_APPICON_NAME = AppIcon;
				FRAMEWORK_SEARCH_PATHS = (
					"$(inherited)",
					"\"$PODS_CONFIGURATION_BUILD_DIR/GCDWebServer\"",
					"\"$PODS_CONFIGURATION_BUILD_DIR/SBTUITestTunnel-Server\"",
					"$(SRCROOT)/Pods/**",
				);
				HEADER_SEARCH_PATHS = "";
				INFOPLIST_FILE = "favourites-movie-app/Info.plist";
				LD_RUNPATH_SEARCH_PATHS = "$(inherited) @executable_path/Frameworks";
				PRODUCT_BUNDLE_IDENTIFIER = "com.favourites-movie-app";
				PRODUCT_NAME = "$(TARGET_NAME)";
				SWIFT_VERSION = 4.0;
			};
			name = Release;
		};
		D7DA08A51F3DC2BE004504EC /* Debug */ = {
			isa = XCBuildConfiguration;
			baseConfigurationReference = F0E6290A98D4CECF940C6C84 /* Pods-favourites-movie-appUITests.debug.xcconfig */;
			buildSettings = {
				INFOPLIST_FILE = "favourites-movie-appUITests/Info.plist";
				LD_RUNPATH_SEARCH_PATHS = "$(inherited) @executable_path/Frameworks @loader_path/Frameworks";
				PRODUCT_BUNDLE_IDENTIFIER = "com.favourites-movie-appUITests";
				PRODUCT_NAME = "$(TARGET_NAME)";
				SWIFT_VERSION = 3.0;
				TEST_TARGET_NAME = "favourites-movie-app";
			};
			name = Debug;
		};
		D7DA08A61F3DC2BE004504EC /* Release */ = {
			isa = XCBuildConfiguration;
			baseConfigurationReference = 8D243BF960D227AB8F11B0C0 /* Pods-favourites-movie-appUITests.release.xcconfig */;
			buildSettings = {
				INFOPLIST_FILE = "favourites-movie-appUITests/Info.plist";
				LD_RUNPATH_SEARCH_PATHS = "$(inherited) @executable_path/Frameworks @loader_path/Frameworks";
				PRODUCT_BUNDLE_IDENTIFIER = "com.favourites-movie-appUITests";
				PRODUCT_NAME = "$(TARGET_NAME)";
				SWIFT_VERSION = 3.0;
				TEST_TARGET_NAME = "favourites-movie-app";
			};
			name = Release;
		};
/* End XCBuildConfiguration section */

/* Begin XCConfigurationList section */
		D7C800E91F3A15F700838E95 /* Build configuration list for PBXProject "favourites-movie-app" */ = {
			isa = XCConfigurationList;
			buildConfigurations = (
				D7C800FE1F3A15F800838E95 /* Debug */,
				D7C800FF1F3A15F800838E95 /* Release */,
			);
			defaultConfigurationIsVisible = 0;
			defaultConfigurationName = Release;
		};
		D7C801001F3A15F800838E95 /* Build configuration list for PBXNativeTarget "favourites-movie-app" */ = {
			isa = XCConfigurationList;
			buildConfigurations = (
				D7C801011F3A15F800838E95 /* Debug */,
				D7C801021F3A15F800838E95 /* Release */,
			);
			defaultConfigurationIsVisible = 0;
			defaultConfigurationName = Release;
		};
		D7DA08A41F3DC2BE004504EC /* Build configuration list for PBXNativeTarget "favourites-movie-appUITests" */ = {
			isa = XCConfigurationList;
			buildConfigurations = (
				D7DA08A51F3DC2BE004504EC /* Debug */,
				D7DA08A61F3DC2BE004504EC /* Release */,
			);
			defaultConfigurationIsVisible = 0;
			defaultConfigurationName = Release;
		};
/* End XCConfigurationList section */
	};
	rootObject = D7C800E61F3A15F700838E95 /* Project object */;
}
